<?xml version="1.0" encoding="utf-8"?>
<Project ToolsVersion="4.0" xmlns="http://schemas.microsoft.com/developer/msbuild/2003">
  <ItemGroup>
    <ClCompile Include="GameTechRenderer.cpp" />
    <ClCompile Include="imgui_progressbar.cpp" />
    <ClCompile Include="Main.cpp" />
    <ClCompile Include="NetworkedGame.cpp" />
    <ClCompile Include="NetworkPlayer.cpp" />
    <ClCompile Include="Particles\ParticleEffect.cpp" />
    <ClCompile Include="Sound\AudioEngine.cpp" />
    <ClCompile Include="Particles\SphereEmitter.cpp" />
    <ClCompile Include="TutorialGame.cpp" />
    <ClCompile Include="LevelBase.h" />
    <ClCompile Include="LevelTest.h" />
    <ClCompile Include="arrow.cpp" />
    <ClCompile Include="ball.cpp" />
    <ClCompile Include="Post Processing\Mesh.cpp" />
  </ItemGroup>
  <ItemGroup>
    <ClInclude Include="..\..\Library\imgui\imconfig.h" />
    <ClInclude Include="..\..\Library\imgui\imgui.h" />
    <ClInclude Include="..\..\Library\imgui\imgui_impl_glfw.h" />
    <ClInclude Include="..\..\Library\imgui\imgui_impl_opengl3.h" />
    <ClInclude Include="..\..\Library\imgui\imgui_internal.h" />
    <ClInclude Include="..\..\Library\imgui\imstb_rectpack.h" />
    <ClInclude Include="..\..\Library\imgui\imstb_textedit.h" />
    <ClInclude Include="..\..\Library\imgui\imstb_truetype.h" />
    <ClInclude Include="GameTechRenderer.h" />
    <ClInclude Include="imgui_progressbar.h" />
    <ClInclude Include="NetworkedGame.h" />
    <ClInclude Include="NetworkPlayer.h" />
    <ClInclude Include="Particles\ParticleEffect.h" />
    <ClInclude Include="Particles\Particle.h" />
    <ClInclude Include="Particles\ParticleEmitter.h" />
    <ClInclude Include="Sound\AudioEngine.h" />
    <ClInclude Include="Particles\SphereEmitter.h" />
    <ClInclude Include="TutorialGame.h" />
    <ClInclude Include="Level1.h" />
    <ClInclude Include="arrow.h" />
    <ClInclude Include="ball.h" />
    <ClInclude Include="Post Processing\Mesh.h" />
  </ItemGroup>
</Project>